
Microsoft Visual Studio Solution File, Format Version 12.00
# Visual Studio Version 16
VisualStudioVersion = 16.0.31019.35
MinimumVisualStudioVersion = 10.0.40219.1
Project("{888888A0-9F3D-457C-B088-3A5042F75D52}") = "ChromeDinoVer3", "ChromeDinoVer3\ChromeDinoVer3.pyproj", "{5E1E7E80-F8E7-4764-859C-C7A58895BBE0}"
EndProject
Global
	GlobalSection(SolutionConfigurationPlatforms) = preSolution
		Debug|Any CPU = Debug|Any CPU
		Release|Any CPU = Release|Any CPU
	EndGlobalSection
	GlobalSection(ProjectConfigurationPlatforms) = postSolution
		{5E1E7E80-F8E7-4764-859C-C7A58895BBE0}.Debug|Any CPU.ActiveCfg = Debug|Any CPU
		{5E1E7E80-F8E7-4764-859C-C7A58895BBE0}.Release|Any CPU.ActiveCfg = Release|Any CPU
	EndGlobalSection
	GlobalSection(SolutionProperties) = preSolution
		HideSolutionNode = FALSE
	EndGlobalSection
	GlobalSection(ExtensibilityGlobals) = postSolution
		SolutionGuid = {70442F61-A48F-4752-B893-8828AB821667}
	EndGlobalSection
EndGlobal
